
Microsoft Visual Studio Solution File, Format Version 12.00
# Visual Studio Version 16
VisualStudioVersion = 16.0.30413.136
MinimumVisualStudioVersion = 10.0.40219.1
Project("{FAE04EC0-301F-11D3-BF4B-00C04F79EFBC}") = "AuthenticationDomain", "AuthenticationDomain\AuthenticationDomain.csproj", "{E5094AD7-6D9D-47EE-91D8-B2360BDC33BE}"
EndProject
Project("{FAE04EC0-301F-11D3-BF4B-00C04F79EFBC}") = "AuthenticationDomainTest", "AuthenticationDomainTest\AuthenticationDomainTest.csproj", "{E5AA13CA-7E0C-4A06-846F-DA5B342505FA}"
EndProject
Global
	GlobalSection(SolutionConfigurationPlatforms) = preSolution
		Debug|Any CPU = Debug|Any CPU
		Release|Any CPU = Release|Any CPU
	EndGlobalSection
	GlobalSection(ProjectConfigurationPlatforms) = postSolution
		{E5094AD7-6D9D-47EE-91D8-B2360BDC33BE}.Debug|Any CPU.ActiveCfg = Debug|Any CPU
		{E5094AD7-6D9D-47EE-91D8-B2360BDC33BE}.Debug|Any CPU.Build.0 = Debug|Any CPU
		{E5094AD7-6D9D-47EE-91D8-B2360BDC33BE}.Release|Any CPU.ActiveCfg = Release|Any CPU
		{E5094AD7-6D9D-47EE-91D8-B2360BDC33BE}.Release|Any CPU.Build.0 = Release|Any CPU
		{E5AA13CA-7E0C-4A06-846F-DA5B342505FA}.Debug|Any CPU.ActiveCfg = Debug|Any CPU
		{E5AA13CA-7E0C-4A06-846F-DA5B342505FA}.Debug|Any CPU.Build.0 = Debug|Any CPU
		{E5AA13CA-7E0C-4A06-846F-DA5B342505FA}.Release|Any CPU.ActiveCfg = Release|Any CPU
		{E5AA13CA-7E0C-4A06-846F-DA5B342505FA}.Release|Any CPU.Build.0 = Release|Any CPU
	EndGlobalSection
	GlobalSection(SolutionProperties) = preSolution
		HideSolutionNode = FALSE
	EndGlobalSection
	GlobalSection(ExtensibilityGlobals) = postSolution
		SolutionGuid = {A158FB94-1CD9-4A8C-8D28-9D9B09B5B93A}
	EndGlobalSection
EndGlobal
